[root]
name = "rustql"
version = "0.0.1"
dependencies = [
 "bit-vec 0.4.2 (registry+https://github.com/rust-lang/crates.io-index)",
 "peg 0.3.3 (git+https://github.com/kevinmehall/rust-peg.git)",
]

[[package]]
name = "bit-vec"
version = "0.4.2"
source = "registry+https://github.com/rust-lang/crates.io-index"

[[package]]
name = "peg"
version = "0.3.3"
source = "git+https://github.com/kevinmehall/rust-peg.git#eb601844bca2f82519f0a74e09c1dac7f9d0a7ac"

